// !$*UTF8*$!
{
	archiveVersion = 1;
	classes = {
	};
	objectVersion = 50;
	objects = {

/* Begin PBXBuildFile section */
		2C5C3914275F50D80004904D /* AppDelegate.m in Sources */ = {isa = PBXBuildFile; fileRef = 2C5C3913275F50D80004904D /* AppDelegate.m */; };
		2C5C3917275F50D80004904D /* ViewController.m in Sources */ = {isa = PBXBuildFile; fileRef = 2C5C3916275F50D80004904D /* ViewController.m */; };
		2C5C3919275F50DC0004904D /* Assets.xcassets in Resources */ = {isa = PBXBuildFile; fileRef = 2C5C3918275F50DC0004904D /* Assets.xcassets */; };
		2C5C391C275F50DC0004904D /* Main.storyboard in Resources */ = {isa = PBXBuildFile; fileRef = 2C5C391A275F50DC0004904D /* Main.storyboard */; };
		2C5C391F275F50DC0004904D /* main.m in Sources */ = {isa = PBXBuildFile; fileRef = 2C5C391E275F50DC0004904D /* main.m */; };
		2C5C3A2D276090900004904D /* QNAudioRecorder.framework in Frameworks */ = {isa = PBXBuildFile; fileRef = 2C5C3A2B276090860004904D /* QNAudioRecorder.framework */; };
		2C5C3A2E276090900004904D /* QNAudioRecorder.framework in Embed Frameworks */ = {isa = PBXBuildFile; fileRef = 2C5C3A2B276090860004904D /* QNAudioRecorder.framework */; settings = {ATTRIBUTES = (CodeSignOnCopy, RemoveHeadersOnCopy, ); }; };
/* End PBXBuildFile section */

/* Begin PBXCopyFilesBuildPhase section */
		2C5C392B275F51030004904D /* Embed Frameworks */ = {
			isa = PBXCopyFilesBuildPhase;
			buildActionMask = 2147483647;
			dstPath = "";
			dstSubfolderSpec = 10;
			files = (
				2C5C3A2E276090900004904D /* QNAudioRecorder.framework in Embed Frameworks */,
			);
			name = "Embed Frameworks";
			runOnlyForDeploymentPostprocessing = 0;
		};
/* End PBXCopyFilesBuildPhase section */

/* Begin PBXFileReference section */
		2C5C390F275F50D80004904D /* QNAudioRecorder-demo.app */ = {isa = PBXFileReference; explicitFileType = wrapper.application; includeInIndex = 0; path = "QNAudioRecorder-demo.app"; sourceTree = BUILT_PRODUCTS_DIR; };
		2C5C3912275F50D80004904D /* AppDelegate.h */ = {isa = PBXFileReference; lastKnownFileType = sourcecode.c.h; path = AppDelegate.h; sourceTree = "<group>"; };
		2C5C3913275F50D80004904D /* AppDelegate.m */ = {isa = PBXFileReference; lastKnownFileType = sourcecode.c.objc; path = AppDelegate.m; sourceTree = "<group>"; };
		2C5C3915275F50D80004904D /* ViewController.h */ = {isa = PBXFileReference; lastKnownFileType = sourcecode.c.h; path = ViewController.h; sourceTree = "<group>"; };
		2C5C3916275F50D80004904D /* ViewController.m */ = {isa = PBXFileReference; lastKnownFileType = sourcecode.c.objc; path = ViewController.m; sourceTree = "<group>"; };
		2C5C3918275F50DC0004904D /* Assets.xcassets */ = {isa = PBXFileReference; lastKnownFileType = folder.assetcatalog; path = Assets.xcassets; sourceTree = "<group>"; };
		2C5C391B275F50DC0004904D /* Base */ = {isa = PBXFileReference; lastKnownFileType = file.storyboard; name = Base; path = Base.lproj/Main.storyboard; sourceTree = "<group>"; };
		2C5C391D275F50DC0004904D /* Info.plist */ = {isa = PBXFileReference; lastKnownFileType = text.plist.xml; path = Info.plist; sourceTree = "<group>"; };
		2C5C391E275F50DC0004904D /* main.m */ = {isa = PBXFileReference; lastKnownFileType = sourcecode.c.objc; path = main.m; sourceTree = "<group>"; };
		2C5C3920275F50DC0004904D /* QNAudioRecorder_demo.entitlements */ = {isa = PBXFileReference; lastKnownFileType = text.plist.entitlements; path = QNAudioRecorder_demo.entitlements; sourceTree = "<group>"; };
		2C5C3A2B276090860004904D /* QNAudioRecorder.framework */ = {isa = PBXFileReference; explicitFileType = wrapper.framework; path = QNAudioRecorder.framework; sourceTree = BUILT_PRODUCTS_DIR; };
/* End PBXFileReference section */

/* Begin PBXFrameworksBuildPhase section */
		2C5C390C275F50D80004904D /* Frameworks */ = {
			isa = PBXFrameworksBuildPhase;
			buildActionMask = 2147483647;
			files = (
				2C5C3A2D276090900004904D /* QNAudioRecorder.framework in Frameworks */,
			);
			runOnlyForDeploymentPostprocessing = 0;
		};
/* End PBXFrameworksBuildPhase section */

/* Begin PBXGroup section */
		2C5C3906275F50D80004904D = {
			isa = PBXGroup;
			children = (
				2C5C3911275F50D80004904D /* QNAudioRecorder-demo */,
				2C5C3910275F50D80004904D /* Products */,
				2C5C3A2A276090860004904D /* Frameworks */,
			);
			sourceTree = "<group>";
		};
		2C5C3910275F50D80004904D /* Products */ = {
			isa = PBXGroup;
			children = (
				2C5C390F275F50D80004904D /* QNAudioRecorder-demo.app */,
			);
			name = Products;
			sourceTree = "<group>";
		};
		2C5C3911275F50D80004904D /* QNAudioRecorder-demo */ = {
			isa = PBXGroup;
			children = (
				2C5C3912275F50D80004904D /* AppDelegate.h */,
				2C5C3913275F50D80004904D /* AppDelegate.m */,
				2C5C3915275F50D80004904D /* ViewController.h */,
				2C5C3916275F50D80004904D /* ViewController.m */,
				2C5C3918275F50DC0004904D /* Assets.xcassets */,
				2C5C391A275F50DC0004904D /* Main.storyboard */,
				2C5C391D275F50DC0004904D /* Info.plist */,
				2C5C391E275F50DC0004904D /* main.m */,
				2C5C3920275F50DC0004904D /* QNAudioRecorder_demo.entitlements */,
			);
			path = "QNAudioRecorder-demo";
			sourceTree = "<group>";
		};
		2C5C3A2A276090860004904D /* Frameworks */ = {
			isa = PBXGroup;
			children = (
				2C5C3A2B276090860004904D /* QNAudioRecorder.framework */,
			);
			name = Frameworks;
			sourceTree = "<group>";
		};
/* End PBXGroup section */

/* Begin PBXNativeTarget section */
		2C5C390E275F50D80004904D /* QNAudioRecorder-demo */ = {
			isa = PBXNativeTarget;
			buildConfigurationList = 2C5C3923275F50DC0004904D /* Build configuration list for PBXNativeTarget "QNAudioRecorder-demo" */;
			buildPhases = (
				2C5C390B275F50D80004904D /* Sources */,
				2C5C390C275F50D80004904D /* Frameworks */,
				2C5C390D275F50D80004904D /* Resources */,
				2C5C392B275F51030004904D /* Embed Frameworks */,
			);
			buildRules = (
			);
			dependencies = (
			);
			name = "QNAudioRecorder-demo";
			productName = "QNAudioRecorder-demo";
			productReference = 2C5C390F275F50D80004904D /* QNAudioRecorder-demo.app */;
			productType = "com.apple.product-type.application";
		};
/* End PBXNativeTarget section */

/* Begin PBXProject section */
		2C5C3907275F50D80004904D /* Project object */ = {
			isa = PBXProject;
			attributes = {
				LastUpgradeCheck = 1240;
				TargetAttributes = {
					2C5C390E275F50D80004904D = {
						CreatedOnToolsVersion = 12.4;
					};
				};
			};
			buildConfigurationList = 2C5C390A275F50D80004904D /* Build configuration list for PBXProject "QNAudioRecorder-demo" */;
			compatibilityVersion = "Xcode 9.3";
			developmentRegion = en;
			hasScannedForEncodings = 0;
			knownRegions = (
				en,
				Base,
			);
			mainGroup = 2C5C3906275F50D80004904D;
			productRefGroup = 2C5C3910275F50D80004904D /* Products */;
			projectDirPath = "";
			projectRoot = "";
			targets = (
				2C5C390E275F50D80004904D /* QNAudioRecorder-demo */,
			);
		};
/* End PBXProject section */

/* Begin PBXResourcesBuildPhase section */
		2C5C390D275F50D80004904D /* Resources */ = {
			isa = PBXResourcesBuildPhase;
			buildActionMask = 2147483647;
			files = (
				2C5C3919275F50DC0004904D /* Assets.xcassets in Resources */,
				2C5C391C275F50DC0004904D /* Main.storyboard in Resources */,
			);
			runOnlyForDeploymentPostprocessing = 0;
		};
/* End PBXResourcesBuildPhase section */

/* Begin PBXSourcesBuildPhase section */
		2C5C390B275F50D80004904D /* Sources */ = {
			isa = PBXSourcesBuildPhase;
			buildActionMask = 2147483647;
			files = (
				2C5C3917275F50D80004904D /* ViewController.m in Sources */,
				2C5C391F275F50DC0004904D /* main.m in Sources */,
				2C5C3914275F50D80004904D /* AppDelegate.m in Sources */,
			);
			runOnlyForDeploymentPostprocessing = 0;
		};
/* End PBXSourcesBuildPhase section */

/* Begin PBXVariantGroup section */
		2C5C391A275F50DC0004904D /* Main.storyboard */ = {
			isa = PBXVariantGroup;
			children = (
				2C5C391B275F50DC0004904D /* Base */,
			);
			name = Main.storyboard;
			sourceTree = "<group>";
		};
/* End PBXVariantGroup section */

/* Begin XCBuildConfiguration section */
		2C5C3921275F50DC0004904D /* Debug */ = {
			isa = XCBuildConfiguration;
			buildSettings = {
				ALWAYS_SEARCH_USER_PATHS = NO;
				CLANG_ANALYZER_NONNULL = YES;
				CLANG_ANALYZER_NUMBER_OBJECT_CONVERSION = YES_AGGRESSIVE;
				CLANG_CXX_LANGUAGE_STANDARD = "gnu++14";
				CLANG_CXX_LIBRARY = "libc++";
				CLANG_ENABLE_MODULES = YES;
				CLANG_ENABLE_OBJC_ARC = YES;
				CLANG_ENABLE_OBJC_WEAK = YES;
				CLANG_WARN_BLOCK_CAPTURE_AUTORELEASING = YES;
				CLANG_WARN_BOOL_CONVERSION = YES;
				CLANG_WARN_COMMA = YES;
				CLANG_WARN_CONSTANT_CONVERSION = YES;
				CLANG_WARN_DEPRECATED_OBJC_IMPLEMENTATIONS = YES;
				CLANG_WARN_DIRECT_OBJC_ISA_USAGE = YES_ERROR;
				CLANG_WARN_DOCUMENTATION_COMMENTS = YES;
				CLANG_WARN_EMPTY_BODY = YES;
				CLANG_WARN_ENUM_CONVERSION = YES;
				CLANG_WARN_INFINITE_RECURSION = YES;
				CLANG_WARN_INT_CONVERSION = YES;
				CLANG_WARN_NON_LITERAL_NULL_CONVERSION = YES;
				CLANG_WARN_OBJC_IMPLICIT_RETAIN_SELF = YES;
				CLANG_WARN_OBJC_LITERAL_CONVERSION = YES;
				CLANG_WARN_OBJC_ROOT_CLASS = YES_ERROR;
				CLANG_WARN_QUOTED_INCLUDE_IN_FRAMEWORK_HEADER = YES;
				CLANG_WARN_RANGE_LOOP_ANALYSIS = YES;
				CLANG_WARN_STRICT_PROTOTYPES = YES;
				CLANG_WARN_SUSPICIOUS_MOVE = YES;
				CLANG_WARN_UNGUARDED_AVAILABILITY = YES_AGGRESSIVE;
				CLANG_WARN_UNREACHABLE_CODE = YES;
				CLANG_WARN__DUPLICATE_METHOD_MATCH = YES;
				COPY_PHASE_STRIP = NO;
				DEBUG_INFORMATION_FORMAT = dwarf;
				ENABLE_STRICT_OBJC_MSGSEND = YES;
				ENABLE_TESTABILITY = YES;
				GCC_C_LANGUAGE_STANDARD = gnu11;
				GCC_DYNAMIC_NO_PIC = NO;
				GCC_NO_COMMON_BLOCKS = YES;
				GCC_OPTIMIZATION_LEVEL = 0;
				GCC_PREPROCESSOR_DEFINITIONS = (
					"DEBUG=1",
					"$(inherited)",
				);
				GCC_WARN_64_TO_32_BIT_CONVERSION = YES;
				GCC_WARN_ABOUT_RETURN_TYPE = YES_ERROR;
				GCC_WARN_UNDECLARED_SELECTOR = YES;
				GCC_WARN_UNINITIALIZED_AUTOS = YES_AGGRESSIVE;
				GCC_WARN_UNUSED_FUNCTION = YES;
				GCC_WARN_UNUSED_VARIABLE = YES;
				MACOSX_DEPLOYMENT_TARGET = 11.1;
				MTL_ENABLE_DEBUG_INFO = INCLUDE_SOURCE;
				MTL_FAST_MATH = YES;
				ONLY_ACTIVE_ARCH = YES;
				SDKROOT = macosx;
			};
			name = Debug;
		};
		2C5C3922275F50DC0004904D /* Release */ = {
			isa = XCBuildConfiguration;
			buildSettings = {
				ALWAYS_SEARCH_USER_PATHS = NO;
				CLANG_ANALYZER_NONNULL = YES;
				CLANG_ANALYZER_NUMBER_OBJECT_CONVERSION = YES_AGGRESSIVE;
				CLANG_CXX_LANGUAGE_STANDARD = "gnu++14";
				CLANG_CXX_LIBRARY = "libc++";
				CLANG_ENABLE_MODULES = YES;
				CLANG_ENABLE_OBJC_ARC = YES;
				CLANG_ENABLE_OBJC_WEAK = YES;
				CLANG_WARN_BLOCK_CAPTURE_AUTORELEASING = YES;
				CLANG_WARN_BOOL_CONVERSION = YES;
				CLANG_WARN_COMMA = YES;
				CLANG_WARN_CONSTANT_CONVERSION = YES;
				CLANG_WARN_DEPRECATED_OBJC_IMPLEMENTATIONS = YES;
				CLANG_WARN_DIRECT_OBJC_ISA_USAGE = YES_ERROR;
				CLANG_WARN_DOCUMENTATION_COMMENTS = YES;
				CLANG_WARN_EMPTY_BODY = YES;
				CLANG_WARN_ENUM_CONVERSION = YES;
				CLANG_WARN_INFINITE_RECURSION = YES;
				CLANG_WARN_INT_CONVERSION = YES;
				CLANG_WARN_NON_LITERAL_NULL_CONVERSION = YES;
				CLANG_WARN_OBJC_IMPLICIT_RETAIN_SELF = YES;
				CLANG_WARN_OBJC_LITERAL_CONVERSION = YES;
				CLANG_WARN_OBJC_ROOT_CLASS = YES_ERROR;
				CLANG_WARN_QUOTED_INCLUDE_IN_FRAMEWORK_HEADER = YES;
				CLANG_WARN_RANGE_LOOP_ANALYSIS = YES;
				CLANG_WARN_STRICT_PROTOTYPES = YES;
				CLANG_WARN_SUSPICIOUS_MOVE = YES;
				CLANG_WARN_UNGUARDED_AVAILABILITY = YES_AGGRESSIVE;
				CLANG_WARN_UNREACHABLE_CODE = YES;
				CLANG_WARN__DUPLICATE_METHOD_MATCH = YES;
				COPY_PHASE_STRIP = NO;
				DEBUG_INFORMATION_FORMAT = "dwarf-with-dsym";
				ENABLE_NS_ASSERTIONS = NO;
				ENABLE_STRICT_OBJC_MSGSEND = YES;
				GCC_C_LANGUAGE_STANDARD = gnu11;
				GCC_NO_COMMON_BLOCKS = YES;
				GCC_WARN_64_TO_32_BIT_CONVERSION = YES;
				GCC_WARN_ABOUT_RETURN_TYPE = YES_ERROR;
				GCC_WARN_UNDECLARED_SELECTOR = YES;
				GCC_WARN_UNINITIALIZED_AUTOS = YES_AGGRESSIVE;
				GCC_WARN_UNUSED_FUNCTION = YES;
				GCC_WARN_UNUSED_VARIABLE = YES;
				MACOSX_DEPLOYMENT_TARGET = 11.1;
				MTL_ENABLE_DEBUG_INFO = NO;
				MTL_FAST_MATH = YES;
				SDKROOT = macosx;
			};
			name = Release;
		};
		2C5C3924275F50DC0004904D /* Debug */ = {
			isa = XCBuildConfiguration;
			buildSettings = {
				ASSETCATALOG_COMPILER_APPICON_NAME = AppIcon;
				ASSETCATALOG_COMPILER_GLOBAL_ACCENT_COLOR_NAME = AccentColor;
				CODE_SIGN_ENTITLEMENTS = "QNAudioRecorder-demo/QNAudioRecorder_demo.entitlements";
				CODE_SIGN_STYLE = Automatic;
				COMBINE_HIDPI_IMAGES = YES;
				DEVELOPMENT_TEAM = GDFHW66V92;
				ENABLE_HARDENED_RUNTIME = YES;
				FRAMEWORK_SEARCH_PATHS = (
					"$(inherited)",
					"$(PROJECT_DIR)/QNAudioRecorder-demo",
				);
				INFOPLIST_FILE = "QNAudioRecorder-demo/Info.plist";
				LD_RUNPATH_SEARCH_PATHS = (
					"$(inherited)",
					"@executable_path/../Frameworks",
				);
				MACOSX_DEPLOYMENT_TARGET = 10.10;
				PRODUCT_BUNDLE_IDENTIFIER = "com.qbox.QNAudioRecorder-demo.QNAudioRecorder-demo";
				PRODUCT_NAME = "$(TARGET_NAME)";
				USER_HEADER_SEARCH_PATHS = "$(BUILT_PRODUCTS_DIR)/**";
			};
			name = Debug;
		};
		2C5C3925275F50DC0004904D /* Release */ = {
			isa = XCBuildConfiguration;
			buildSettings = {
				ASSETCATALOG_COMPILER_APPICON_NAME = AppIcon;
				ASSETCATALOG_COMPILER_GLOBAL_ACCENT_COLOR_NAME = AccentColor;
				CODE_SIGN_ENTITLEMENTS = "QNAudioRecorder-demo/QNAudioRecorder_demo.entitlements";
				CODE_SIGN_STYLE = Automatic;
				COMBINE_HIDPI_IMAGES = YES;
				DEVELOPMENT_TEAM = GDFHW66V92;
				ENABLE_HARDENED_RUNTIME = YES;
				FRAMEWORK_SEARCH_PATHS = (
					"$(inherited)",
					"$(PROJECT_DIR)/QNAudioRecorder-demo",
				);
				INFOPLIST_FILE = "QNAudioRecorder-demo/Info.plist";
				LD_RUNPATH_SEARCH_PATHS = (
					"$(inherited)",
					"@executable_path/../Frameworks",
				);
				MACOSX_DEPLOYMENT_TARGET = 10.10;
				PRODUCT_BUNDLE_IDENTIFIER = "com.qbox.QNAudioRecorder-demo.QNAudioRecorder-demo";
				PRODUCT_NAME = "$(TARGET_NAME)";
				USER_HEADER_SEARCH_PATHS = "$(BUILT_PRODUCTS_DIR)/**";
			};
			name = Release;
		};
/* End XCBuildConfiguration section */

/* Begin XCConfigurationList section */
		2C5C390A275F50D80004904D /* Build configuration list for PBXProject "QNAudioRecorder-demo" */ = {
			isa = XCConfigurationList;
			buildConfigurations = (
				2C5C3921275F50DC0004904D /* Debug */,
				2C5C3922275F50DC0004904D /* Release */,
			);
			defaultConfigurationIsVisible = 0;
			defaultConfigurationName = Release;
		};
		2C5C3923275F50DC0004904D /* Build configuration list for PBXNativeTarget "QNAudioRecorder-demo" */ = {
			isa = XCConfigurationList;
			buildConfigurations = (
				2C5C3924275F50DC0004904D /* Debug */,
				2C5C3925275F50DC0004904D /* Release */,
			);
			defaultConfigurationIsVisible = 0;
			defaultConfigurationName = Release;
		};
/* End XCConfigurationList section */
	};
	rootObject = 2C5C3907275F50D80004904D /* Project object */;
}
